# Counter narration for a BLOCK crit (counters slice): the attack was taken
# on the guard and the defender answers from behind it. Attack-agnostic on
# purpose: block may answer a melee move, a same-room shot or a physical
# working, and the pool is chosen by the DEFENCE that won, not the attack,
# so nothing here names a blade, an arrow or a spell. {actee} is the
# COUNTERER (whose block critted); {actor} is the countered party. Bands:
# weak = the counter is turned aside (no damage), normal = the counter
# lands, heavy = the counter crits.
optionid: counter-block
options:
  weak:
    together:
      actee:
      - '<ansi fg="defense-good">You take it on your guard and shove in, but {actor} gives ground in time.</ansi>'
      - '<ansi fg="defense-good">You catch the attack square and strike over it, but {actor} slips away.</ansi>'
      - '<ansi fg="defense-good">You brace and drive your shoulder in, but {actor} is already stepping back.</ansi>'
      - '<ansi fg="defense-good">You turn the attack off your guard and swing, but {actor} covers up.</ansi>'
      - '<ansi fg="defense-good">You ram your guard into {actor}, but they keep their feet.</ansi>'
      actor:
      - '<ansi fg="attack-bad">{actee} takes it on their guard and shoves in, but you give ground in time.</ansi>'
      - '<ansi fg="attack-bad">{actee} catches your attack square and strikes over it, but you slip away.</ansi>'
      - '<ansi fg="attack-bad">{actee} braces and drives a shoulder in, but you are already stepping back.</ansi>'
      - '<ansi fg="attack-bad">{actee} turns your attack off their guard and swings, but you cover up.</ansi>'
      - '<ansi fg="attack-bad">{actee} rams their guard into you, but you keep your feet.</ansi>'
      observer:
      - '<ansi fg="combat">{actee} takes it on the guard and shoves in, but {actor} gives ground.</ansi>'
      - '<ansi fg="combat">{actee} catches the attack square and strikes back, but {actor} slips away.</ansi>'
      - '<ansi fg="combat">{actee} braces and drives a shoulder in, but {actor} is already backing off.</ansi>'
      - '<ansi fg="combat">{actee} turns the attack off the guard and swings, but {actor} covers up.</ansi>'
      - '<ansi fg="combat">{actee} rams a guard into {actor}, who keeps their feet.</ansi>'
  normal:
    together:
      actee:
      - '<ansi fg="defense-good">You take it on your guard, shove in, and strike {actor} from behind it.</ansi>'
      - '<ansi fg="defense-good">You catch the attack square and hammer {actor} over the top of it.</ansi>'
      - '<ansi fg="defense-good">You brace, drive your shoulder in, and {actor} takes the hit.</ansi>'
      - '<ansi fg="defense-good">You turn the attack off your guard and land a solid strike on {actor}.</ansi>'
      - '<ansi fg="defense-good">You ram your guard into {actor} and follow it with a hard blow.</ansi>'
      actor:
      - '<ansi fg="attack-bad">{actee} takes it on their guard, shoves in, and strikes you from behind it.</ansi>'
      - '<ansi fg="attack-bad">{actee} catches your attack square and hammers you over the top of it.</ansi>'
      - '<ansi fg="attack-bad">{actee} braces and drives a shoulder in, and you take the hit.</ansi>'
      - '<ansi fg="attack-bad">{actee} turns your attack off their guard and lands a solid strike on you.</ansi>'
      - '<ansi fg="attack-bad">{actee} rams their guard into you and follows it with a hard blow.</ansi>'
      observer:
      - '<ansi fg="combat">{actee} takes the hit on the guard and strikes {actor} from behind it.</ansi>'
      - '<ansi fg="combat">{actee} catches the attack square and hammers {actor} over the top of it.</ansi>'
      - '<ansi fg="combat">{actee} braces and drives a shoulder in, and {actor} takes the hit.</ansi>'
      - '<ansi fg="combat">{actee} turns the attack off the guard and lands a solid strike on {actor}.</ansi>'
      - '<ansi fg="combat">{actee} rams a guard into {actor} and follows it with a hard blow.</ansi>'
  heavy:
    together:
      actee:
      - '<ansi fg="defense-good">You take it on your guard and drive in hard, and {actor} reels.</ansi>'
      - '<ansi fg="defense-good">You catch the attack square and smash {actor} back a full step.</ansi>'
      - '<ansi fg="defense-good">You brace and ram your shoulder home, and {actor} goes stumbling.</ansi>'
      - '<ansi fg="defense-good">You turn the attack away and put a brutal strike into {actor}.</ansi>'
      - '<ansi fg="defense-good">Your guard swallows the attack and your answer crashes into {actor}.</ansi>'
      actor:
      - '<ansi fg="attack-bad">{actee} takes it on their guard and drives in hard, and you reel.</ansi>'
      - '<ansi fg="attack-bad">{actee} catches your attack square and smashes you back a full step.</ansi>'
      - '<ansi fg="attack-bad">{actee} braces and rams a shoulder home, and you go stumbling.</ansi>'
      - '<ansi fg="attack-bad">{actee} turns your attack away and puts a brutal strike into you.</ansi>'
      - '<ansi fg="attack-bad">{actee}''s guard swallows your attack and their answer crashes into you.</ansi>'
      observer:
      - '<ansi fg="combat">{actee} takes it on the guard and drives in hard, and {actor} reels.</ansi>'
      - '<ansi fg="combat">{actee} catches the attack square and smashes {actor} back a full step.</ansi>'
      - '<ansi fg="combat">{actee} braces and rams a shoulder home, and {actor} goes stumbling.</ansi>'
      - '<ansi fg="combat">{actee} turns the attack away and puts a brutal strike into {actor}.</ansi>'
      - '<ansi fg="combat">{actee}''s guard swallows the attack and the answer crashes into {actor}.</ansi>'
